
Microsoft Visual Studio Solution File, Format Version 12.00
# Visual Studio Version 16
VisualStudioVersion = 16.0.30907.101
MinimumVisualStudioVersion = 15.0.26124.0
Project("{9A19103F-16F7-4668-BE54-9A1E7A4F7556}") = "W3.WebApi", "w3.webapi\W3.WebApi.csproj", "{83DE8FF0-A9C7-4150-947E-908C6A19C5A2}"
EndProject
Project("{9A19103F-16F7-4668-BE54-9A1E7A4F7556}") = "W3.Domain", "w3.domain\W3.Domain.csproj", "{0E4B7088-2C4F-4D50-88F6-5D936D8E917C}"
EndProject
Project("{9A19103F-16F7-4668-BE54-9A1E7A4F7556}") = "W3.Infrastructure", "w3.infrastructure\W3.Infrastructure.csproj", "{FCF47D92-6C4C-4960-B06E-7AD3F154B110}"
EndProject
Global
	GlobalSection(SolutionConfigurationPlatforms) = preSolution
		Debug|Any CPU = Debug|Any CPU
		Debug|x64 = Debug|x64
		Debug|x86 = Debug|x86
		Release|Any CPU = Release|Any CPU
		Release|x64 = Release|x64
		Release|x86 = Release|x86
	EndGlobalSection
	GlobalSection(ProjectConfigurationPlatforms) = postSolution
		{83DE8FF0-A9C7-4150-947E-908C6A19C5A2}.Debug|Any CPU.ActiveCfg = Debug|Any CPU
		{83DE8FF0-A9C7-4150-947E-908C6A19C5A2}.Debug|Any CPU.Build.0 = Debug|Any CPU
		{83DE8FF0-A9C7-4150-947E-908C6A19C5A2}.Debug|x64.ActiveCfg = Debug|Any CPU
		{83DE8FF0-A9C7-4150-947E-908C6A19C5A2}.Debug|x64.Build.0 = Debug|Any CPU
		{83DE8FF0-A9C7-4150-947E-908C6A19C5A2}.Debug|x86.ActiveCfg = Debug|Any CPU
		{83DE8FF0-A9C7-4150-947E-908C6A19C5A2}.Debug|x86.Build.0 = Debug|Any CPU
		{83DE8FF0-A9C7-4150-947E-908C6A19C5A2}.Release|Any CPU.ActiveCfg = Release|Any CPU
		{83DE8FF0-A9C7-4150-947E-908C6A19C5A2}.Release|Any CPU.Build.0 = Release|Any CPU
		{83DE8FF0-A9C7-4150-947E-908C6A19C5A2}.Release|x64.ActiveCfg = Release|Any CPU
		{83DE8FF0-A9C7-4150-947E-908C6A19C5A2}.Release|x64.Build.0 = Release|Any CPU
		{83DE8FF0-A9C7-4150-947E-908C6A19C5A2}.Release|x86.ActiveCfg = Release|Any CPU
		{83DE8FF0-A9C7-4150-947E-908C6A19C5A2}.Release|x86.Build.0 = Release|Any CPU
		{0E4B7088-2C4F-4D50-88F6-5D936D8E917C}.Debug|Any CPU.ActiveCfg = Debug|Any CPU
		{0E4B7088-2C4F-4D50-88F6-5D936D8E917C}.Debug|Any CPU.Build.0 = Debug|Any CPU
		{0E4B7088-2C4F-4D50-88F6-5D936D8E917C}.Debug|x64.ActiveCfg = Debug|Any CPU
		{0E4B7088-2C4F-4D50-88F6-5D936D8E917C}.Debug|x64.Build.0 = Debug|Any CPU
		{0E4B7088-2C4F-4D50-88F6-5D936D8E917C}.Debug|x86.ActiveCfg = Debug|Any CPU
		{0E4B7088-2C4F-4D50-88F6-5D936D8E917C}.Debug|x86.Build.0 = Debug|Any CPU
		{0E4B7088-2C4F-4D50-88F6-5D936D8E917C}.Release|Any CPU.ActiveCfg = Release|Any CPU
		{0E4B7088-2C4F-4D50-88F6-5D936D8E917C}.Release|Any CPU.Build.0 = Release|Any CPU
		{0E4B7088-2C4F-4D50-88F6-5D936D8E917C}.Release|x64.ActiveCfg = Release|Any CPU
		{0E4B7088-2C4F-4D50-88F6-5D936D8E917C}.Release|x64.Build.0 = Release|Any CPU
		{0E4B7088-2C4F-4D50-88F6-5D936D8E917C}.Release|x86.ActiveCfg = Release|Any CPU
		{0E4B7088-2C4F-4D50-88F6-5D936D8E917C}.Release|x86.Build.0 = Release|Any CPU
		{FCF47D92-6C4C-4960-B06E-7AD3F154B110}.Debug|Any CPU.ActiveCfg = Debug|Any CPU
		{FCF47D92-6C4C-4960-B06E-7AD3F154B110}.Debug|Any CPU.Build.0 = Debug|Any CPU
		{FCF47D92-6C4C-4960-B06E-7AD3F154B110}.Debug|x64.ActiveCfg = Debug|Any CPU
		{FCF47D92-6C4C-4960-B06E-7AD3F154B110}.Debug|x64.Build.0 = Debug|Any CPU
		{FCF47D92-6C4C-4960-B06E-7AD3F154B110}.Debug|x86.ActiveCfg = Debug|Any CPU
		{FCF47D92-6C4C-4960-B06E-7AD3F154B110}.Debug|x86.Build.0 = Debug|Any CPU
		{FCF47D92-6C4C-4960-B06E-7AD3F154B110}.Release|Any CPU.ActiveCfg = Release|Any CPU
		{FCF47D92-6C4C-4960-B06E-7AD3F154B110}.Release|Any CPU.Build.0 = Release|Any CPU
		{FCF47D92-6C4C-4960-B06E-7AD3F154B110}.Release|x64.ActiveCfg = Release|Any CPU
		{FCF47D92-6C4C-4960-B06E-7AD3F154B110}.Release|x64.Build.0 = Release|Any CPU
		{FCF47D92-6C4C-4960-B06E-7AD3F154B110}.Release|x86.ActiveCfg = Release|Any CPU
		{FCF47D92-6C4C-4960-B06E-7AD3F154B110}.Release|x86.Build.0 = Release|Any CPU
	EndGlobalSection
	GlobalSection(SolutionProperties) = preSolution
		HideSolutionNode = FALSE
	EndGlobalSection
	GlobalSection(ExtensibilityGlobals) = postSolution
		SolutionGuid = {BC71899E-FBC3-43A7-96C7-A926F8BAEB96}
	EndGlobalSection
EndGlobal
